
Microsoft Visual Studio Solution File, Format Version 12.00
# Visual Studio Version 16
VisualStudioVersion = 16.0.30621.155
MinimumVisualStudioVersion = 10.0.40219.1
Project("{888888A0-9F3D-457C-B088-3A5042F75D52}") = "ApophisModel", "ApophisModel\ApophisModel.pyproj", "{C7734C8F-B500-42B9-B032-72958687066C}"
EndProject
Global
	GlobalSection(SolutionConfigurationPlatforms) = preSolution
		Debug|Any CPU = Debug|Any CPU
		Release|Any CPU = Release|Any CPU
	EndGlobalSection
	GlobalSection(ProjectConfigurationPlatforms) = postSolution
		{C7734C8F-B500-42B9-B032-72958687066C}.Debug|Any CPU.ActiveCfg = Debug|Any CPU
		{C7734C8F-B500-42B9-B032-72958687066C}.Release|Any CPU.ActiveCfg = Release|Any CPU
	EndGlobalSection
	GlobalSection(SolutionProperties) = preSolution
		HideSolutionNode = FALSE
	EndGlobalSection
	GlobalSection(ExtensibilityGlobals) = postSolution
		SolutionGuid = {55CBDD9F-CC95-44D9-A261-58655C4F900D}
	EndGlobalSection
EndGlobal
