
Microsoft Visual Studio Solution File, Format Version 12.00
# Visual Studio Version 16
VisualStudioVersion = 16.0.30128.74
MinimumVisualStudioVersion = 10.0.40219.1
Project("{888888A0-9F3D-457C-B088-3A5042F75D52}") = "NeuralNetworkTests", "NeuralNetworkTests\NeuralNetworkTests.pyproj", "{BC52AB16-082E-4455-975E-4F0EA74F0333}"
EndProject
Global
	GlobalSection(SolutionConfigurationPlatforms) = preSolution
		Debug|Any CPU = Debug|Any CPU
		Release|Any CPU = Release|Any CPU
	EndGlobalSection
	GlobalSection(ProjectConfigurationPlatforms) = postSolution
		{BC52AB16-082E-4455-975E-4F0EA74F0333}.Debug|Any CPU.ActiveCfg = Debug|Any CPU
		{BC52AB16-082E-4455-975E-4F0EA74F0333}.Release|Any CPU.ActiveCfg = Release|Any CPU
	EndGlobalSection
	GlobalSection(SolutionProperties) = preSolution
		HideSolutionNode = FALSE
	EndGlobalSection
	GlobalSection(ExtensibilityGlobals) = postSolution
		SolutionGuid = {D1E59E28-4D1A-4DF1-A8E3-234AAC346B48}
	EndGlobalSection
EndGlobal
